// !$*UTF8*$!
{
	archiveVersion = 1;
	classes = {
	};
	objectVersion = 46;
	objects = {

/* Begin PBXBuildFile section */
		4C5959271CA7F8B900E4249C /* main.m in Sources */ = {isa = PBXBuildFile; fileRef = 4C5959261CA7F8B900E4249C /* main.m */; };
		4C59592A1CA7F8B900E4249C /* AppDelegate.m in Sources */ = {isa = PBXBuildFile; fileRef = 4C5959291CA7F8B900E4249C /* AppDelegate.m */; };
		4C59592D1CA7F8B900E4249C /* ViewController.m in Sources */ = {isa = PBXBuildFile; fileRef = 4C59592C1CA7F8B900E4249C /* ViewController.m */; };
		4C5959301CA7F8B900E4249C /* Main.storyboard in Resources */ = {isa = PBXBuildFile; fileRef = 4C59592E1CA7F8B900E4249C /* Main.storyboard */; };
		4C5959321CA7F8B900E4249C /* Assets.xcassets in Resources */ = {isa = PBXBuildFile; fileRef = 4C5959311CA7F8B900E4249C /* Assets.xcassets */; };
		4C5959351CA7F8B900E4249C /* LaunchScreen.storyboard in Resources */ = {isa = PBXBuildFile; fileRef = 4C5959331CA7F8B900E4249C /* LaunchScreen.storyboard */; };
/* End PBXBuildFile section */

/* Begin PBXFileReference section */
		4C5959221CA7F8B900E4249C /* NewAppTest.app */ = {isa = PBXFileReference; explicitFileType = wrapper.application; includeInIndex = 0; path = NewAppTest.app; sourceTree = BUILT_PRODUCTS_DIR; };
		4C5959261CA7F8B900E4249C /* main.m */ = {isa = PBXFileReference; lastKnownFileType = sourcecode.c.objc; path = main.m; sourceTree = "<group>"; };
		4C5959281CA7F8B900E4249C /* AppDelegate.h */ = {isa = PBXFileReference; lastKnownFileType = sourcecode.c.h; path = AppDelegate.h; sourceTree = "<group>"; };
		4C5959291CA7F8B900E4249C /* AppDelegate.m */ = {isa = PBXFileReference; lastKnownFileType = sourcecode.c.objc; path = AppDelegate.m; sourceTree = "<group>"; };
		4C59592B1CA7F8B900E4249C /* ViewController.h */ = {isa = PBXFileReference; lastKnownFileType = sourcecode.c.h; path = ViewController.h; sourceTree = "<group>"; };
		4C59592C1CA7F8B900E4249C /* ViewController.m */ = {isa = PBXFileReference; lastKnownFileType = sourcecode.c.objc; path = ViewController.m; sourceTree = "<group>"; };
		4C59592F1CA7F8B900E4249C /* Base */ = {isa = PBXFileReference; lastKnownFileType = file.storyboard; name = Base; path = Base.lproj/Main.storyboard; sourceTree = "<group>"; };
		4C5959311CA7F8B900E4249C /* Assets.xcassets */ = {isa = PBXFileReference; lastKnownFileType = folder.assetcatalog; path = Assets.xcassets; sourceTree = "<group>"; };
		4C5959341CA7F8B900E4249C /* Base */ = {isa = PBXFileReference; lastKnownFileType = file.storyboard; name = Base; path = Base.lproj/LaunchScreen.storyboard; sourceTree = "<group>"; };
		4C5959361CA7F8B900E4249C /* Info.plist */ = {isa = PBXFileReference; lastKnownFileType = text.plist.xml; path = Info.plist; sourceTree = "<group>"; };
/* End PBXFileReference section */

/* Begin PBXFrameworksBuildPhase section */
		4C59591F1CA7F8B900E4249C /* Frameworks */ = {
			isa = PBXFrameworksBuildPhase;
			buildActionMask = 2147483647;
			files = (
			);
			runOnlyForDeploymentPostprocessing = 0;
		};
/* End PBXFrameworksBuildPhase section */

/* Begin PBXGroup section */
		4C5959191CA7F8B900E4249C = {
			isa = PBXGroup;
			children = (
				4C5959241CA7F8B900E4249C /* NewAppTest */,
				4C5959231CA7F8B900E4249C /* Products */,
			);
			sourceTree = "<group>";
		};
		4C5959231CA7F8B900E4249C /* Products */ = {
			isa = PBXGroup;
			children = (
				4C5959221CA7F8B900E4249C /* NewAppTest.app */,
			);
			name = Products;
			sourceTree = "<group>";
		};
		4C5959241CA7F8B900E4249C /* NewAppTest */ = {
			isa = PBXGroup;
			children = (
				4C5959281CA7F8B900E4249C /* AppDelegate.h */,
				4C5959291CA7F8B900E4249C /* AppDelegate.m */,
				4C59592B1CA7F8B900E4249C /* ViewController.h */,
				4C59592C1CA7F8B900E4249C /* ViewController.m */,
				4C59592E1CA7F8B900E4249C /* Main.storyboard */,
				4C5959311CA7F8B900E4249C /* Assets.xcassets */,
				4C5959331CA7F8B900E4249C /* LaunchScreen.storyboard */,
				4C5959361CA7F8B900E4249C /* Info.plist */,
				4C5959251CA7F8B900E4249C /* Supporting Files */,
			);
			path = NewAppTest;
			sourceTree = "<group>";
		};
		4C5959251CA7F8B900E4249C /* Supporting Files */ = {
			isa = PBXGroup;
			children = (
				4C5959261CA7F8B900E4249C /* main.m */,
			);
			name = "Supporting Files";
			sourceTree = "<group>";
		};
/* End PBXGroup section */

/* Begin PBXNativeTarget section */
		4C5959211CA7F8B900E4249C /* NewAppTest */ = {
			isa = PBXNativeTarget;
			buildConfigurationList = 4C5959391CA7F8B900E4249C /* Build configuration list for PBXNativeTarget "NewAppTest" */;
			buildPhases = (
				4C59591E1CA7F8B900E4249C /* Sources */,
				4C59591F1CA7F8B900E4249C /* Frameworks */,
				4C5959201CA7F8B900E4249C /* Resources */,
			);
			buildRules = (
			);
			dependencies = (
			);
			name = NewAppTest;
			productName = NewAppTest;
			productReference = 4C5959221CA7F8B900E4249C /* NewAppTest.app */;
			productType = "com.apple.product-type.application";
		};
/* End PBXNativeTarget section */

/* Begin PBXProject section */
		4C59591A1CA7F8B900E4249C /* Project object */ = {
			isa = PBXProject;
			attributes = {
				LastUpgradeCheck = 0700;
				ORGANIZATIONNAME = fis;
				TargetAttributes = {
					4C5959211CA7F8B900E4249C = {
						CreatedOnToolsVersion = 7.0;
					};
				};
			};
			buildConfigurationList = 4C59591D1CA7F8B900E4249C /* Build configuration list for PBXProject "NewAppTest" */;
			compatibilityVersion = "Xcode 3.2";
			developmentRegion = English;
			hasScannedForEncodings = 0;
			knownRegions = (
				en,
				Base,
			);
			mainGroup = 4C5959191CA7F8B900E4249C;
			productRefGroup = 4C5959231CA7F8B900E4249C /* Products */;
			projectDirPath = "";
			projectRoot = "";
			targets = (
				4C5959211CA7F8B900E4249C /* NewAppTest */,
			);
		};
/* End PBXProject section */

/* Begin PBXResourcesBuildPhase section */
		4C5959201CA7F8B900E4249C /* Resources */ = {
			isa = PBXResourcesBuildPhase;
			buildActionMask = 2147483647;
			files = (
				4C5959351CA7F8B900E4249C /* LaunchScreen.storyboard in Resources */,
				4C5959321CA7F8B900E4249C /* Assets.xcassets in Resources */,
				4C5959301CA7F8B900E4249C /* Main.storyboard in Resources */,
			);
			runOnlyForDeploymentPostprocessing = 0;
		};
/* End PBXResourcesBuildPhase section */

/* Begin PBXSourcesBuildPhase section */
		4C59591E1CA7F8B900E4249C /* Sources */ = {
			isa = PBXSourcesBuildPhase;
			buildActionMask = 2147483647;
			files = (
				4C59592D1CA7F8B900E4249C /* ViewController.m in Sources */,
				4C59592A1CA7F8B900E4249C /* AppDelegate.m in Sources */,
				4C5959271CA7F8B900E4249C /* main.m in Sources */,
			);
			runOnlyForDeploymentPostprocessing = 0;
		};
/* End PBXSourcesBuildPhase section */

/* Begin PBXVariantGroup section */
		4C59592E1CA7F8B900E4249C /* Main.storyboard */ = {
			isa = PBXVariantGroup;
			children = (
				4C59592F1CA7F8B900E4249C /* Base */,
			);
			name = Main.storyboard;
			sourceTree = "<group>";
		};
		4C5959331CA7F8B900E4249C /* LaunchScreen.storyboard */ = {
			isa = PBXVariantGroup;
			children = (
				4C5959341CA7F8B900E4249C /* Base */,
			);
			name = LaunchScreen.storyboard;
			sourceTree = "<group>";
		};
/* End PBXVariantGroup section */

/* Begin XCBuildConfiguration section */
		4C5959371CA7F8B900E4249C /* Debug */ = {
			isa = XCBuildConfiguration;
			buildSettings = {
				ALWAYS_SEARCH_USER_PATHS = NO;
				CLANG_CXX_LANGUAGE_STANDARD = "gnu++0x";
				CLANG_CXX_LIBRARY = "libc++";
				CLANG_ENABLE_MODULES = YES;
				CLANG_ENABLE_OBJC_ARC = YES;
				CLANG_WARN_BOOL_CONVERSION = YES;
				CLANG_WARN_CONSTANT_CONVERSION = YES;
				CLANG_WARN_DIRECT_OBJC_ISA_USAGE = YES_ERROR;
				CLANG_WARN_EMPTY_BODY = YES;
				CLANG_WARN_ENUM_CONVERSION = YES;
				CLANG_WARN_INT_CONVERSION = YES;
				CLANG_WARN_OBJC_ROOT_CLASS = YES_ERROR;
				CLANG_WARN_UNREACHABLE_CODE = YES;
				CLANG_WARN__DUPLICATE_METHOD_MATCH = YES;
				"CODE_SIGN_IDENTITY[sdk=iphoneos*]" = "iPhone Developer";
				COPY_PHASE_STRIP = NO;
				DEBUG_INFORMATION_FORMAT = dwarf;
				ENABLE_STRICT_OBJC_MSGSEND = YES;
				ENABLE_TESTABILITY = YES;
				GCC_C_LANGUAGE_STANDARD = gnu99;
				GCC_DYNAMIC_NO_PIC = NO;
				GCC_NO_COMMON_BLOCKS = YES;
				GCC_OPTIMIZATION_LEVEL = 0;
				GCC_PREPROCESSOR_DEFINITIONS = (
					"DEBUG=1",
					"$(inherited)",
				);
				GCC_WARN_64_TO_32_BIT_CONVERSION = YES;
				GCC_WARN_ABOUT_RETURN_TYPE = YES_ERROR;
				GCC_WARN_UNDECLARED_SELECTOR = YES;
				GCC_WARN_UNINITIALIZED_AUTOS = YES_AGGRESSIVE;
				GCC_WARN_UNUSED_FUNCTION = YES;
				GCC_WARN_UNUSED_VARIABLE = YES;
				IPHONEOS_DEPLOYMENT_TARGET = 9.0;
				MTL_ENABLE_DEBUG_INFO = YES;
				ONLY_ACTIVE_ARCH = YES;
				SDKROOT = iphoneos;
				TARGETED_DEVICE_FAMILY = "1,2";
			};
			name = Debug;
		};
		4C5959381CA7F8B900E4249C /* Release */ = {
			isa = XCBuildConfiguration;
			buildSettings = {
				ALWAYS_SEARCH_USER_PATHS = NO;
				CLANG_CXX_LANGUAGE_STANDARD = "gnu++0x";
				CLANG_CXX_LIBRARY = "libc++";
				CLANG_ENABLE_MODULES = YES;
				CLANG_ENABLE_OBJC_ARC = YES;
				CLANG_WARN_BOOL_CONVERSION = YES;
				CLANG_WARN_CONSTANT_CONVERSION = YES;
				CLANG_WARN_DIRECT_OBJC_ISA_USAGE = YES_ERROR;
				CLANG_WARN_EMPTY_BODY = YES;
				CLANG_WARN_ENUM_CONVERSION = YES;
				CLANG_WARN_INT_CONVERSION = YES;
				CLANG_WARN_OBJC_ROOT_CLASS = YES_ERROR;
				CLANG_WARN_UNREACHABLE_CODE = YES;
				CLANG_WARN__DUPLICATE_METHOD_MATCH = YES;
				"CODE_SIGN_IDENTITY[sdk=iphoneos*]" = "iPhone Developer";
				COPY_PHASE_STRIP = NO;
				DEBUG_INFORMATION_FORMAT = "dwarf-with-dsym";
				ENABLE_NS_ASSERTIONS = NO;
				ENABLE_STRICT_OBJC_MSGSEND = YES;
				GCC_C_LANGUAGE_STANDARD = gnu99;
				GCC_NO_COMMON_BLOCKS = YES;
				GCC_WARN_64_TO_32_BIT_CONVERSION = YES;
				GCC_WARN_ABOUT_RETURN_TYPE = YES_ERROR;
				GCC_WARN_UNDECLARED_SELECTOR = YES;
				GCC_WARN_UNINITIALIZED_AUTOS = YES_AGGRESSIVE;
				GCC_WARN_UNUSED_FUNCTION = YES;
				GCC_WARN_UNUSED_VARIABLE = YES;
				IPHONEOS_DEPLOYMENT_TARGET = 9.0;
				MTL_ENABLE_DEBUG_INFO = NO;
				SDKROOT = iphoneos;
				TARGETED_DEVICE_FAMILY = "1,2";
				VALIDATE_PRODUCT = YES;
			};
			name = Release;
		};
		4C59593A1CA7F8B900E4249C /* Debug */ = {
			isa = XCBuildConfiguration;
			buildSettings = {
				ASSETCATALOG_COMPILER_APPICON_NAME = AppIcon;
				INFOPLIST_FILE = NewAppTest/Info.plist;
				LD_RUNPATH_SEARCH_PATHS = "$(inherited) @executable_path/Frameworks";
				PRODUCT_BUNDLE_IDENTIFIER = com.fis.NewAppTest;
				PRODUCT_NAME = "$(TARGET_NAME)";
			};
			name = Debug;
		};
		4C59593B1CA7F8B900E4249C /* Release */ = {
			isa = XCBuildConfiguration;
			buildSettings = {
				ASSETCATALOG_COMPILER_APPICON_NAME = AppIcon;
				INFOPLIST_FILE = NewAppTest/Info.plist;
				LD_RUNPATH_SEARCH_PATHS = "$(inherited) @executable_path/Frameworks";
				PRODUCT_BUNDLE_IDENTIFIER = com.fis.NewAppTest;
				PRODUCT_NAME = "$(TARGET_NAME)";
			};
			name = Release;
		};
/* End XCBuildConfiguration section */

/* Begin XCConfigurationList section */
		4C59591D1CA7F8B900E4249C /* Build configuration list for PBXProject "NewAppTest" */ = {
			isa = XCConfigurationList;
			buildConfigurations = (
				4C5959371CA7F8B900E4249C /* Debug */,
				4C5959381CA7F8B900E4249C /* Release */,
			);
			defaultConfigurationIsVisible = 0;
			defaultConfigurationName = Release;
		};
		4C5959391CA7F8B900E4249C /* Build configuration list for PBXNativeTarget "NewAppTest" */ = {
			isa = XCConfigurationList;
			buildConfigurations = (
				4C59593A1CA7F8B900E4249C /* Debug */,
				4C59593B1CA7F8B900E4249C /* Release */,
			);
			defaultConfigurationIsVisible = 0;
		};
/* End XCConfigurationList section */
	};
	rootObject = 4C59591A1CA7F8B900E4249C /* Project object */;
}
